
Microsoft Visual Studio Solution File, Format Version 12.00
# Visual Studio 15
VisualStudioVersion = 15.0.28307.271
MinimumVisualStudioVersion = 10.0.40219.1
Project("{FAE04EC0-301F-11D3-BF4B-00C04F79EFBC}") = "ConcentMusic", "ConcentMusic\ConcentMusic.csproj", "{6B85DFF4-FC3C-4A3A-AD62-9BA64E6A6979}"
EndProject
Global
	GlobalSection(SolutionConfigurationPlatforms) = preSolution
		Debug|Any CPU = Debug|Any CPU
		Release|Any CPU = Release|Any CPU
	EndGlobalSection
	GlobalSection(ProjectConfigurationPlatforms) = postSolution
		{6B85DFF4-FC3C-4A3A-AD62-9BA64E6A6979}.Debug|Any CPU.ActiveCfg = Debug|Any CPU
		{6B85DFF4-FC3C-4A3A-AD62-9BA64E6A6979}.Debug|Any CPU.Build.0 = Debug|Any CPU
		{6B85DFF4-FC3C-4A3A-AD62-9BA64E6A6979}.Release|Any CPU.ActiveCfg = Release|Any CPU
		{6B85DFF4-FC3C-4A3A-AD62-9BA64E6A6979}.Release|Any CPU.Build.0 = Release|Any CPU
	EndGlobalSection
	GlobalSection(SolutionProperties) = preSolution
		HideSolutionNode = FALSE
	EndGlobalSection
	GlobalSection(ExtensibilityGlobals) = postSolution
		SolutionGuid = {77223980-5E45-43BA-A8AB-3ED380FFB90E}
	EndGlobalSection
EndGlobal
